
Microsoft Visual Studio Solution File, Format Version 12.00
# Visual Studio 15
VisualStudioVersion = 15.0.26124.0
MinimumVisualStudioVersion = 15.0.26124.0
Project("{FAE04EC0-301F-11D3-BF4B-00C04F79EFBC}") = "API", "API\API.csproj", "{F455B93E-0841-4D2E-8813-A275C8C9F1F0}"
EndProject
Project("{FAE04EC0-301F-11D3-BF4B-00C04F79EFBC}") = "Core", "Core\Core.csproj", "{7DF21B28-1EFE-4DDF-A584-959E1C2061A6}"
EndProject
Project("{FAE04EC0-301F-11D3-BF4B-00C04F79EFBC}") = "Infrastructure", "Infrastructure\Infrastructure.csproj", "{4C22E9AD-F2E9-4F11-9425-033292198CAC}"
EndProject
Global
	GlobalSection(SolutionConfigurationPlatforms) = preSolution
		Debug|Any CPU = Debug|Any CPU
		Debug|x64 = Debug|x64
		Debug|x86 = Debug|x86
		Release|Any CPU = Release|Any CPU
		Release|x64 = Release|x64
		Release|x86 = Release|x86
	EndGlobalSection
	GlobalSection(SolutionProperties) = preSolution
		HideSolutionNode = FALSE
	EndGlobalSection
	GlobalSection(ProjectConfigurationPlatforms) = postSolution
		{F455B93E-0841-4D2E-8813-A275C8C9F1F0}.Debug|Any CPU.ActiveCfg = Debug|Any CPU
		{F455B93E-0841-4D2E-8813-A275C8C9F1F0}.Debug|Any CPU.Build.0 = Debug|Any CPU
		{F455B93E-0841-4D2E-8813-A275C8C9F1F0}.Debug|x64.ActiveCfg = Debug|Any CPU
		{F455B93E-0841-4D2E-8813-A275C8C9F1F0}.Debug|x64.Build.0 = Debug|Any CPU
		{F455B93E-0841-4D2E-8813-A275C8C9F1F0}.Debug|x86.ActiveCfg = Debug|Any CPU
		{F455B93E-0841-4D2E-8813-A275C8C9F1F0}.Debug|x86.Build.0 = Debug|Any CPU
		{F455B93E-0841-4D2E-8813-A275C8C9F1F0}.Release|Any CPU.ActiveCfg = Release|Any CPU
		{F455B93E-0841-4D2E-8813-A275C8C9F1F0}.Release|Any CPU.Build.0 = Release|Any CPU
		{F455B93E-0841-4D2E-8813-A275C8C9F1F0}.Release|x64.ActiveCfg = Release|Any CPU
		{F455B93E-0841-4D2E-8813-A275C8C9F1F0}.Release|x64.Build.0 = Release|Any CPU
		{F455B93E-0841-4D2E-8813-A275C8C9F1F0}.Release|x86.ActiveCfg = Release|Any CPU
		{F455B93E-0841-4D2E-8813-A275C8C9F1F0}.Release|x86.Build.0 = Release|Any CPU
		{7DF21B28-1EFE-4DDF-A584-959E1C2061A6}.Debug|Any CPU.ActiveCfg = Debug|Any CPU
		{7DF21B28-1EFE-4DDF-A584-959E1C2061A6}.Debug|Any CPU.Build.0 = Debug|Any CPU
		{7DF21B28-1EFE-4DDF-A584-959E1C2061A6}.Debug|x64.ActiveCfg = Debug|Any CPU
		{7DF21B28-1EFE-4DDF-A584-959E1C2061A6}.Debug|x64.Build.0 = Debug|Any CPU
		{7DF21B28-1EFE-4DDF-A584-959E1C2061A6}.Debug|x86.ActiveCfg = Debug|Any CPU
		{7DF21B28-1EFE-4DDF-A584-959E1C2061A6}.Debug|x86.Build.0 = Debug|Any CPU
		{7DF21B28-1EFE-4DDF-A584-959E1C2061A6}.Release|Any CPU.ActiveCfg = Release|Any CPU
		{7DF21B28-1EFE-4DDF-A584-959E1C2061A6}.Release|Any CPU.Build.0 = Release|Any CPU
		{7DF21B28-1EFE-4DDF-A584-959E1C2061A6}.Release|x64.ActiveCfg = Release|Any CPU
		{7DF21B28-1EFE-4DDF-A584-959E1C2061A6}.Release|x64.Build.0 = Release|Any CPU
		{7DF21B28-1EFE-4DDF-A584-959E1C2061A6}.Release|x86.ActiveCfg = Release|Any CPU
		{7DF21B28-1EFE-4DDF-A584-959E1C2061A6}.Release|x86.Build.0 = Release|Any CPU
		{4C22E9AD-F2E9-4F11-9425-033292198CAC}.Debug|Any CPU.ActiveCfg = Debug|Any CPU
		{4C22E9AD-F2E9-4F11-9425-033292198CAC}.Debug|Any CPU.Build.0 = Debug|Any CPU
		{4C22E9AD-F2E9-4F11-9425-033292198CAC}.Debug|x64.ActiveCfg = Debug|Any CPU
		{4C22E9AD-F2E9-4F11-9425-033292198CAC}.Debug|x64.Build.0 = Debug|Any CPU
		{4C22E9AD-F2E9-4F11-9425-033292198CAC}.Debug|x86.ActiveCfg = Debug|Any CPU
		{4C22E9AD-F2E9-4F11-9425-033292198CAC}.Debug|x86.Build.0 = Debug|Any CPU
		{4C22E9AD-F2E9-4F11-9425-033292198CAC}.Release|Any CPU.ActiveCfg = Release|Any CPU
		{4C22E9AD-F2E9-4F11-9425-033292198CAC}.Release|Any CPU.Build.0 = Release|Any CPU
		{4C22E9AD-F2E9-4F11-9425-033292198CAC}.Release|x64.ActiveCfg = Release|Any CPU
		{4C22E9AD-F2E9-4F11-9425-033292198CAC}.Release|x64.Build.0 = Release|Any CPU
		{4C22E9AD-F2E9-4F11-9425-033292198CAC}.Release|x86.ActiveCfg = Release|Any CPU
		{4C22E9AD-F2E9-4F11-9425-033292198CAC}.Release|x86.Build.0 = Release|Any CPU
	EndGlobalSection
EndGlobal
